// !$*UTF8*$!
{
	archiveVersion = 1;
	classes = {
	};
	objectVersion = 77;
	objects = {

/* Begin PBXBuildFile section */
		849A1282300AA95D00CA3279 /* Movie-NowPlaying.json in Sources */ = {isa = PBXBuildFile; fileRef = 849A1281300AA95500CA3279 /* Movie-NowPlaying.json */; };
		849A1284300AA9B700CA3279 /* Movie-Popular.json in Sources */ = {isa = PBXBuildFile; fileRef = 849A1283300AA9B200CA3279 /* Movie-Popular.json */; };
		84B569A430381EF0002E906F /* Movie-TopRate.json in Resources */ = {isa = PBXBuildFile; fileRef = 84B569A230381EF0002E906F /* Movie-TopRate.json */; };
		84B569A530381EF0002E906F /* Movie-Upcoming.json in Resources */ = {isa = PBXBuildFile; fileRef = 84B569A330381EF0002E906F /* Movie-Upcoming.json */; };
		84B56B7D3041A47B002E906F /* Movie-Detail.json in Resources */ = {isa = PBXBuildFile; fileRef = 84B56B7C3041A47B002E906F /* Movie-Detail.json */; };
/* End PBXBuildFile section */

/* Begin PBXContainerItemProxy section */
		8408774B2FF3D47C00B208A5 /* PBXContainerItemProxy */ = {
			isa = PBXContainerItemProxy;
			containerPortal = 840877332FF3D47A00B208A5 /* Project object */;
			proxyType = 1;
			remoteGlobalIDString = 8408773A2FF3D47A00B208A5;
			remoteInfo = CineVerse;
		};
		840877552FF3D47C00B208A5 /* PBXContainerItemProxy */ = {
			isa = PBXContainerItemProxy;
			containerPortal = 840877332FF3D47A00B208A5 /* Project object */;
			proxyType = 1;
			remoteGlobalIDString = 8408773A2FF3D47A00B208A5;
			remoteInfo = CineVerse;
		};
/* End PBXContainerItemProxy section */

/* Begin PBXFileReference section */
		8408773B2FF3D47A00B208A5 /* CineVerse.app */ = {isa = PBXFileReference; explicitFileType = wrapper.application; includeInIndex = 0; path = CineVerse.app; sourceTree = BUILT_PRODUCTS_DIR; };
		8408774A2FF3D47C00B208A5 /* CineVerseTests.xctest */ = {isa = PBXFileReference; explicitFileType = wrapper.cfbundle; includeInIndex = 0; path = CineVerseTests.xctest; sourceTree = BUILT_PRODUCTS_DIR; };
		840877542FF3D47C00B208A5 /* CineVerseUITests.xctest */ = {isa = PBXFileReference; explicitFileType = wrapper.cfbundle; includeInIndex = 0; path = CineVerseUITests.xctest; sourceTree = BUILT_PRODUCTS_DIR; };
		849A1281300AA95500CA3279 /* Movie-NowPlaying.json */ = {isa = PBXFileReference; lastKnownFileType = text.json; path = "Movie-NowPlaying.json"; sourceTree = "<group>"; };
		849A1283300AA9B200CA3279 /* Movie-Popular.json */ = {isa = PBXFileReference; lastKnownFileType = text.json; path = "Movie-Popular.json"; sourceTree = "<group>"; };
		84B569A230381EF0002E906F /* Movie-TopRate.json */ = {isa = PBXFileReference; lastKnownFileType = text.json; path = "Movie-TopRate.json"; sourceTree = "<group>"; };
		84B569A330381EF0002E906F /* Movie-Upcoming.json */ = {isa = PBXFileReference; lastKnownFileType = text.json; path = "Movie-Upcoming.json"; sourceTree = "<group>"; };
		84B56B7C3041A47B002E906F /* Movie-Detail.json */ = {isa = PBXFileReference; lastKnownFileType = text.json; path = "Movie-Detail.json"; sourceTree = "<group>"; };
/* End PBXFileReference section */

/* Begin PBXFileSystemSynchronizedBuildFileExceptionSet section */
		84B56A46303D9C94002E906F /* Exceptions for "CineVerse" folder in "CineVerse" target */ = {
			isa = PBXFileSystemSynchronizedBuildFileExceptionSet;
			membershipExceptions = (
				Info.plist,
			);
			target = 8408773A2FF3D47A00B208A5 /* CineVerse */;
		};
/* End PBXFileSystemSynchronizedBuildFileExceptionSet section */

/* Begin PBXFileSystemSynchronizedRootGroup section */
		8408773D2FF3D47A00B208A5 /* CineVerse */ = {
			isa = PBXFileSystemSynchronizedRootGroup;
			exceptions = (
				84B56A46303D9C94002E906F /* Exceptions for "CineVerse" folder in "CineVerse" target */,
			);
			path = CineVerse;
			sourceTree = "<group>";
		};
		8408774D2FF3D47C00B208A5 /* CineVerseTests */ = {
			isa = PBXFileSystemSynchronizedRootGroup;
			path = CineVerseTests;
			sourceTree = "<group>";
		};
		840877572FF3D47C00B208A5 /* CineVerseUITests */ = {
			isa = PBXFileSystemSynchronizedRootGroup;
			path = CineVerseUITests;
			sourceTree = "<group>";
		};
		849A127A300AA90D00CA3279 /* Home */ = {
			isa = PBXFileSystemSynchronizedRootGroup;
			path = Home;
			sourceTree = "<group>";
		};
		849A128B300AAA4F00CA3279 /* Service */ = {
			isa = PBXFileSystemSynchronizedRootGroup;
			path = Service;
			sourceTree = "<group>";
		};
		84B569D0303D8077002E906F /* Utility */ = {
			isa = PBXFileSystemSynchronizedRootGroup;
			path = Utility;
			sourceTree = "<group>";
		};
		84B56B4730416A0E002E906F /* Detail */ = {
			isa = PBXFileSystemSynchronizedRootGroup;
			path = Detail;
			sourceTree = "<group>";
		};
/* End PBXFileSystemSynchronizedRootGroup section */

/* Begin PBXFrameworksBuildPhase section */
		840877382FF3D47A00B208A5 /* Frameworks */ = {
			isa = PBXFrameworksBuildPhase;
			buildActionMask = 2147483647;
			files = (
			);
			runOnlyForDeploymentPostprocessing = 0;
		};
		840877472FF3D47C00B208A5 /* Frameworks */ = {
			isa = PBXFrameworksBuildPhase;
			buildActionMask = 2147483647;
			files = (
			);
			runOnlyForDeploymentPostprocessing = 0;
		};
		840877512FF3D47C00B208A5 /* Frameworks */ = {
			isa = PBXFrameworksBuildPhase;
			buildActionMask = 2147483647;
			files = (
			);
			runOnlyForDeploymentPostprocessing = 0;
		};
/* End PBXFrameworksBuildPhase section */

/* Begin PBXGroup section */
		840877322FF3D47A00B208A5 = {
			isa = PBXGroup;
			children = (
				84B56B7C3041A47B002E906F /* Movie-Detail.json */,
				84B569A230381EF0002E906F /* Movie-TopRate.json */,
				84B569A330381EF0002E906F /* Movie-Upcoming.json */,
				849A1283300AA9B200CA3279 /* Movie-Popular.json */,
				849A1281300AA95500CA3279 /* Movie-NowPlaying.json */,
				849A128B300AAA4F00CA3279 /* Service */,
				84B569D0303D8077002E906F /* Utility */,
				849A127A300AA90D00CA3279 /* Home */,
				84B56B4730416A0E002E906F /* Detail */,
				8408773D2FF3D47A00B208A5 /* CineVerse */,
				8408774D2FF3D47C00B208A5 /* CineVerseTests */,
				840877572FF3D47C00B208A5 /* CineVerseUITests */,
				8408773C2FF3D47A00B208A5 /* Products */,
			);
			sourceTree = "<group>";
		};
		8408773C2FF3D47A00B208A5 /* Products */ = {
			isa = PBXGroup;
			children = (
				8408773B2FF3D47A00B208A5 /* CineVerse.app */,
				8408774A2FF3D47C00B208A5 /* CineVerseTests.xctest */,
				840877542FF3D47C00B208A5 /* CineVerseUITests.xctest */,
			);
			name = Products;
			sourceTree = "<group>";
		};
/* End PBXGroup section */

/* Begin PBXNativeTarget section */
		8408773A2FF3D47A00B208A5 /* CineVerse */ = {
			isa = PBXNativeTarget;
			buildConfigurationList = 8408775E2FF3D47C00B208A5 /* Build configuration list for PBXNativeTarget "CineVerse" */;
			buildPhases = (
				840877372FF3D47A00B208A5 /* Sources */,
				840877382FF3D47A00B208A5 /* Frameworks */,
				840877392FF3D47A00B208A5 /* Resources */,
			);
			buildRules = (
			);
			dependencies = (
			);
			fileSystemSynchronizedGroups = (
				8408773D2FF3D47A00B208A5 /* CineVerse */,
				849A127A300AA90D00CA3279 /* Home */,
				849A128B300AAA4F00CA3279 /* Service */,
				84B569D0303D8077002E906F /* Utility */,
				84B56B4730416A0E002E906F /* Detail */,
			);
			name = CineVerse;
			packageProductDependencies = (
			);
			productName = CineVerse;
			productReference = 8408773B2FF3D47A00B208A5 /* CineVerse.app */;
			productType = "com.apple.product-type.application";
		};
		840877492FF3D47C00B208A5 /* CineVerseTests */ = {
			isa = PBXNativeTarget;
			buildConfigurationList = 840877612FF3D47C00B208A5 /* Build configuration list for PBXNativeTarget "CineVerseTests" */;
			buildPhases = (
				840877462FF3D47C00B208A5 /* Sources */,
				840877472FF3D47C00B208A5 /* Frameworks */,
				840877482FF3D47C00B208A5 /* Resources */,
			);
			buildRules = (
			);
			dependencies = (
				8408774C2FF3D47C00B208A5 /* PBXTargetDependency */,
			);
			fileSystemSynchronizedGroups = (
				8408774D2FF3D47C00B208A5 /* CineVerseTests */,
			);
			name = CineVerseTests;
			packageProductDependencies = (
			);
			productName = CineVerseTests;
			productReference = 8408774A2FF3D47C00B208A5 /* CineVerseTests.xctest */;
			productType = "com.apple.product-type.bundle.unit-test";
		};
		840877532FF3D47C00B208A5 /* CineVerseUITests */ = {
			isa = PBXNativeTarget;
			buildConfigurationList = 840877642FF3D47C00B208A5 /* Build configuration list for PBXNativeTarget "CineVerseUITests" */;
			buildPhases = (
				840877502FF3D47C00B208A5 /* Sources */,
				840877512FF3D47C00B208A5 /* Frameworks */,
				840877522FF3D47C00B208A5 /* Resources */,
			);
			buildRules = (
			);
			dependencies = (
				840877562FF3D47C00B208A5 /* PBXTargetDependency */,
			);
			fileSystemSynchronizedGroups = (
				840877572FF3D47C00B208A5 /* CineVerseUITests */,
			);
			name = CineVerseUITests;
			packageProductDependencies = (
			);
			productName = CineVerseUITests;
			productReference = 840877542FF3D47C00B208A5 /* CineVerseUITests.xctest */;
			productType = "com.apple.product-type.bundle.ui-testing";
		};
/* End PBXNativeTarget section */

/* Begin PBXProject section */
		840877332FF3D47A00B208A5 /* Project object */ = {
			isa = PBXProject;
			attributes = {
				BuildIndependentTargetsInParallel = 1;
				LastSwiftUpdateCheck = 2650;
				LastUpgradeCheck = 2650;
				TargetAttributes = {
					8408773A2FF3D47A00B208A5 = {
						CreatedOnToolsVersion = 26.5;
					};
					840877492FF3D47C00B208A5 = {
						CreatedOnToolsVersion = 26.5;
						TestTargetID = 8408773A2FF3D47A00B208A5;
					};
					840877532FF3D47C00B208A5 = {
						CreatedOnToolsVersion = 26.5;
						TestTargetID = 8408773A2FF3D47A00B208A5;
					};
				};
			};
			buildConfigurationList = 840877362FF3D47A00B208A5 /* Build configuration list for PBXProject "CineVerse" */;
			developmentRegion = en;
			hasScannedForEncodings = 0;
			knownRegions = (
				en,
				Base,
			);
			mainGroup = 840877322FF3D47A00B208A5;
			minimizedProjectReferenceProxies = 1;
			preferredProjectObjectVersion = 77;
			productRefGroup = 8408773C2FF3D47A00B208A5 /* Products */;
			projectDirPath = "";
			projectRoot = "";
			targets = (
				8408773A2FF3D47A00B208A5 /* CineVerse */,
				840877492FF3D47C00B208A5 /* CineVerseTests */,
				840877532FF3D47C00B208A5 /* CineVerseUITests */,
			);
		};
/* End PBXProject section */

/* Begin PBXResourcesBuildPhase section */
		840877392FF3D47A00B208A5 /* Resources */ = {
			isa = PBXResourcesBuildPhase;
			buildActionMask = 2147483647;
			files = (
				84B569A430381EF0002E906F /* Movie-TopRate.json in Resources */,
				84B569A530381EF0002E906F /* Movie-Upcoming.json in Resources */,
				84B56B7D3041A47B002E906F /* Movie-Detail.json in Resources */,
			);
			runOnlyForDeploymentPostprocessing = 0;
		};
		840877482FF3D47C00B208A5 /* Resources */ = {
			isa = PBXResourcesBuildPhase;
			buildActionMask = 2147483647;
			files = (
			);
			runOnlyForDeploymentPostprocessing = 0;
		};
		840877522FF3D47C00B208A5 /* Resources */ = {
			isa = PBXResourcesBuildPhase;
			buildActionMask = 2147483647;
			files = (
			);
			runOnlyForDeploymentPostprocessing = 0;
		};
/* End PBXResourcesBuildPhase section */

/* Begin PBXSourcesBuildPhase section */
		840877372FF3D47A00B208A5 /* Sources */ = {
			isa = PBXSourcesBuildPhase;
			buildActionMask = 2147483647;
			files = (
				849A1284300AA9B700CA3279 /* Movie-Popular.json in Sources */,
				849A1282300AA95D00CA3279 /* Movie-NowPlaying.json in Sources */,
			);
			runOnlyForDeploymentPostprocessing = 0;
		};
		840877462FF3D47C00B208A5 /* Sources */ = {
			isa = PBXSourcesBuildPhase;
			buildActionMask = 2147483647;
			files = (
			);
			runOnlyForDeploymentPostprocessing = 0;
		};
		840877502FF3D47C00B208A5 /* Sources */ = {
			isa = PBXSourcesBuildPhase;
			buildActionMask = 2147483647;
			files = (
			);
			runOnlyForDeploymentPostprocessing = 0;
		};
/* End PBXSourcesBuildPhase section */

/* Begin PBXTargetDependency section */
		8408774C2FF3D47C00B208A5 /* PBXTargetDependency */ = {
			isa = PBXTargetDependency;
			target = 8408773A2FF3D47A00B208A5 /* CineVerse */;
			targetProxy = 8408774B2FF3D47C00B208A5 /* PBXContainerItemProxy */;
		};
		840877562FF3D47C00B208A5 /* PBXTargetDependency */ = {
			isa = PBXTargetDependency;
			target = 8408773A2FF3D47A00B208A5 /* CineVerse */;
			targetProxy = 840877552FF3D47C00B208A5 /* PBXContainerItemProxy */;
		};
/* End PBXTargetDependency section */

/* Begin XCBuildConfiguration section */
		8408775C2FF3D47C00B208A5 /* Debug */ = {
			isa = XCBuildConfiguration;
			buildSettings = {
				ALWAYS_SEARCH_USER_PATHS = NO;
				ASSETCATALOG_COMPILER_GENERATE_SWIFT_ASSET_SYMBOL_EXTENSIONS = YES;
				CLANG_ANALYZER_NONNULL = YES;
				CLANG_ANALYZER_NUMBER_OBJECT_CONVERSION = YES_AGGRESSIVE;
				CLANG_CXX_LANGUAGE_STANDARD = "gnu++20";
				CLANG_ENABLE_MODULES = YES;
				CLANG_ENABLE_OBJC_ARC = YES;
				CLANG_ENABLE_OBJC_WEAK = YES;
				CLANG_WARN_BLOCK_CAPTURE_AUTORELEASING = YES;
				CLANG_WARN_BOOL_CONVERSION = YES;
				CLANG_WARN_COMMA = YES;
				CLANG_WARN_CONSTANT_CONVERSION = YES;
				CLANG_WARN_DEPRECATED_OBJC_IMPLEMENTATIONS = YES;
				CLANG_WARN_DIRECT_OBJC_ISA_USAGE = YES_ERROR;
				CLANG_WARN_DOCUMENTATION_COMMENTS = YES;
				CLANG_WARN_EMPTY_BODY = YES;
				CLANG_WARN_ENUM_CONVERSION = YES;
				CLANG_WARN_INFINITE_RECURSION = YES;
				CLANG_WARN_INT_CONVERSION = YES;
				CLANG_WARN_NON_LITERAL_NULL_CONVERSION = YES;
				CLANG_WARN_OBJC_IMPLICIT_RETAIN_SELF = YES;
				CLANG_WARN_OBJC_LITERAL_CONVERSION = YES;
				CLANG_WARN_OBJC_ROOT_CLASS = YES_ERROR;
				CLANG_WARN_QUOTED_INCLUDE_IN_FRAMEWORK_HEADER = YES;
				CLANG_WARN_RANGE_LOOP_ANALYSIS = YES;
				CLANG_WARN_STRICT_PROTOTYPES = YES;
				CLANG_WARN_SUSPICIOUS_MOVE = YES;
				CLANG_WARN_UNGUARDED_AVAILABILITY = YES_AGGRESSIVE;
				CLANG_WARN_UNREACHABLE_CODE = YES;
				CLANG_WARN__DUPLICATE_METHOD_MATCH = YES;
				COPY_PHASE_STRIP = NO;
				DEBUG_INFORMATION_FORMAT = dwarf;
				DEVELOPMENT_TEAM = WD392S3H29;
				ENABLE_STRICT_OBJC_MSGSEND = YES;
				ENABLE_TESTABILITY = YES;
				ENABLE_USER_SCRIPT_SANDBOXING = YES;
				GCC_C_LANGUAGE_STANDARD = gnu17;
				GCC_DYNAMIC_NO_PIC = NO;
				GCC_NO_COMMON_BLOCKS = YES;
				GCC_OPTIMIZATION_LEVEL = 0;
				GCC_PREPROCESSOR_DEFINITIONS = (
					"DEBUG=1",
					"$(inherited)",
				);
				GCC_WARN_64_TO_32_BIT_CONVERSION = YES;
				GCC_WARN_ABOUT_RETURN_TYPE = YES_ERROR;
				GCC_WARN_UNDECLARED_SELECTOR = YES;
				GCC_WARN_UNINITIALIZED_AUTOS = YES_AGGRESSIVE;
				GCC_WARN_UNUSED_FUNCTION = YES;
				GCC_WARN_UNUSED_VARIABLE = YES;
				IPHONEOS_DEPLOYMENT_TARGET = 26.5;
				LOCALIZATION_PREFERS_STRING_CATALOGS = YES;
				MTL_ENABLE_DEBUG_INFO = INCLUDE_SOURCE;
				MTL_FAST_MATH = YES;
				ONLY_ACTIVE_ARCH = YES;
				SDKROOT = iphoneos;
				SWIFT_ACTIVE_COMPILATION_CONDITIONS = "DEBUG $(inherited)";
				SWIFT_OPTIMIZATION_LEVEL = "-Onone";
			};
			name = Debug;
		};
		8408775D2FF3D47C00B208A5 /* Release */ = {
			isa = XCBuildConfiguration;
			buildSettings = {
				ALWAYS_SEARCH_USER_PATHS = NO;
				ASSETCATALOG_COMPILER_GENERATE_SWIFT_ASSET_SYMBOL_EXTENSIONS = YES;
				CLANG_ANALYZER_NONNULL = YES;
				CLANG_ANALYZER_NUMBER_OBJECT_CONVERSION = YES_AGGRESSIVE;
				CLANG_CXX_LANGUAGE_STANDARD = "gnu++20";
				CLANG_ENABLE_MODULES = YES;
				CLANG_ENABLE_OBJC_ARC = YES;
				CLANG_ENABLE_OBJC_WEAK = YES;
				CLANG_WARN_BLOCK_CAPTURE_AUTORELEASING = YES;
				CLANG_WARN_BOOL_CONVERSION = YES;
				CLANG_WARN_COMMA = YES;
				CLANG_WARN_CONSTANT_CONVERSION = YES;
				CLANG_WARN_DEPRECATED_OBJC_IMPLEMENTATIONS = YES;
				CLANG_WARN_DIRECT_OBJC_ISA_USAGE = YES_ERROR;
				CLANG_WARN_DOCUMENTATION_COMMENTS = YES;
				CLANG_WARN_EMPTY_BODY = YES;
				CLANG_WARN_ENUM_CONVERSION = YES;
				CLANG_WARN_INFINITE_RECURSION = YES;
				CLANG_WARN_INT_CONVERSION = YES;
				CLANG_WARN_NON_LITERAL_NULL_CONVERSION = YES;
				CLANG_WARN_OBJC_IMPLICIT_RETAIN_SELF = YES;
				CLANG_WARN_OBJC_LITERAL_CONVERSION = YES;
				CLANG_WARN_OBJC_ROOT_CLASS = YES_ERROR;
				CLANG_WARN_QUOTED_INCLUDE_IN_FRAMEWORK_HEADER = YES;
				CLANG_WARN_RANGE_LOOP_ANALYSIS = YES;
				CLANG_WARN_STRICT_PROTOTYPES = YES;
				CLANG_WARN_SUSPICIOUS_MOVE = YES;
				CLANG_WARN_UNGUARDED_AVAILABILITY = YES_AGGRESSIVE;
				CLANG_WARN_UNREACHABLE_CODE = YES;
				CLANG_WARN__DUPLICATE_METHOD_MATCH = YES;
				COPY_PHASE_STRIP = NO;
				DEBUG_INFORMATION_FORMAT = "dwarf-with-dsym";
				DEVELOPMENT_TEAM = WD392S3H29;
				ENABLE_NS_ASSERTIONS = NO;
				ENABLE_STRICT_OBJC_MSGSEND = YES;
				ENABLE_USER_SCRIPT_SANDBOXING = YES;
				GCC_C_LANGUAGE_STANDARD = gnu17;
				GCC_NO_COMMON_BLOCKS = YES;
				GCC_WARN_64_TO_32_BIT_CONVERSION = YES;
				GCC_WARN_ABOUT_RETURN_TYPE = YES_ERROR;
				GCC_WARN_UNDECLARED_SELECTOR = YES;
				GCC_WARN_UNINITIALIZED_AUTOS = YES_AGGRESSIVE;
				GCC_WARN_UNUSED_FUNCTION = YES;
				GCC_WARN_UNUSED_VARIABLE = YES;
				IPHONEOS_DEPLOYMENT_TARGET = 26.5;
				LOCALIZATION_PREFERS_STRING_CATALOGS = YES;
				MTL_ENABLE_DEBUG_INFO = NO;
				MTL_FAST_MATH = YES;
				SDKROOT = iphoneos;
				SWIFT_COMPILATION_MODE = wholemodule;
				VALIDATE_PRODUCT = YES;
			};
			name = Release;
		};
		8408775F2FF3D47C00B208A5 /* Debug */ = {
			isa = XCBuildConfiguration;
			buildSettings = {
				ASSETCATALOG_COMPILER_APPICON_NAME = AppIcon;
				ASSETCATALOG_COMPILER_GLOBAL_ACCENT_COLOR_NAME = AccentColor;
				CODE_SIGN_STYLE = Automatic;
				CURRENT_PROJECT_VERSION = 1;
				DEVELOPMENT_TEAM = WD392S3H29;
				ENABLE_PREVIEWS = YES;
				GENERATE_INFOPLIST_FILE = YES;
				INFOPLIST_FILE = CineVerse/Info.plist;
				INFOPLIST_KEY_UIApplicationSceneManifest_Generation = YES;
				INFOPLIST_KEY_UIApplicationSupportsIndirectInputEvents = YES;
				INFOPLIST_KEY_UILaunchScreen_Generation = YES;
				INFOPLIST_KEY_UISupportedInterfaceOrientations_iPad = "UIInterfaceOrientationPortrait UIInterfaceOrientationPortraitUpsideDown UIInterfaceOrientationLandscapeLeft UIInterfaceOrientationLandscapeRight";
				INFOPLIST_KEY_UISupportedInterfaceOrientations_iPhone = "UIInterfaceOrientationPortrait UIInterfaceOrientationLandscapeLeft UIInterfaceOrientationLandscapeRight";
				LD_RUNPATH_SEARCH_PATHS = (
					"$(inherited)",
					"@executable_path/Frameworks",
				);
				MARKETING_VERSION = 1.0;
				PRODUCT_BUNDLE_IDENTIFIER = com.abhishek.CineVerse;
				PRODUCT_NAME = "$(TARGET_NAME)";
				STRING_CATALOG_GENERATE_SYMBOLS = YES;
				SWIFT_APPROACHABLE_CONCURRENCY = YES;
				SWIFT_DEFAULT_ACTOR_ISOLATION = MainActor;
				SWIFT_EMIT_LOC_STRINGS = YES;
				SWIFT_UPCOMING_FEATURE_MEMBER_IMPORT_VISIBILITY = YES;
				SWIFT_VERSION = 5.0;
				TARGETED_DEVICE_FAMILY = "1,2";
			};
			name = Debug;
		};
		840877602FF3D47C00B208A5 /* Release */ = {
			isa = XCBuildConfiguration;
			buildSettings = {
				ASSETCATALOG_COMPILER_APPICON_NAME = AppIcon;
				ASSETCATALOG_COMPILER_GLOBAL_ACCENT_COLOR_NAME = AccentColor;
				CODE_SIGN_STYLE = Automatic;
				CURRENT_PROJECT_VERSION = 1;
				DEVELOPMENT_TEAM = WD392S3H29;
				ENABLE_PREVIEWS = YES;
				GENERATE_INFOPLIST_FILE = YES;
				INFOPLIST_FILE = CineVerse/Info.plist;
				INFOPLIST_KEY_UIApplicationSceneManifest_Generation = YES;
				INFOPLIST_KEY_UIApplicationSupportsIndirectInputEvents = YES;
				INFOPLIST_KEY_UILaunchScreen_Generation = YES;
				INFOPLIST_KEY_UISupportedInterfaceOrientations_iPad = "UIInterfaceOrientationPortrait UIInterfaceOrientationPortraitUpsideDown UIInterfaceOrientationLandscapeLeft UIInterfaceOrientationLandscapeRight";
				INFOPLIST_KEY_UISupportedInterfaceOrientations_iPhone = "UIInterfaceOrientationPortrait UIInterfaceOrientationLandscapeLeft UIInterfaceOrientationLandscapeRight";
				LD_RUNPATH_SEARCH_PATHS = (
					"$(inherited)",
					"@executable_path/Frameworks",
				);
				MARKETING_VERSION = 1.0;
				PRODUCT_BUNDLE_IDENTIFIER = com.abhishek.CineVerse;
				PRODUCT_NAME = "$(TARGET_NAME)";
				STRING_CATALOG_GENERATE_SYMBOLS = YES;
				SWIFT_APPROACHABLE_CONCURRENCY = YES;
				SWIFT_DEFAULT_ACTOR_ISOLATION = MainActor;
				SWIFT_EMIT_LOC_STRINGS = YES;
				SWIFT_UPCOMING_FEATURE_MEMBER_IMPORT_VISIBILITY = YES;
				SWIFT_VERSION = 5.0;
				TARGETED_DEVICE_FAMILY = "1,2";
			};
			name = Release;
		};
		840877622FF3D47C00B208A5 /* Debug */ = {
			isa = XCBuildConfiguration;
			buildSettings = {
				BUNDLE_LOADER = "$(TEST_HOST)";
				CODE_SIGN_STYLE = Automatic;
				CURRENT_PROJECT_VERSION = 1;
				DEVELOPMENT_TEAM = WD392S3H29;
				GENERATE_INFOPLIST_FILE = YES;
				IPHONEOS_DEPLOYMENT_TARGET = 26.5;
				MARKETING_VERSION = 1.0;
				PRODUCT_BUNDLE_IDENTIFIER = com.abhishek.CineVerseTests;
				PRODUCT_NAME = "$(TARGET_NAME)";
				STRING_CATALOG_GENERATE_SYMBOLS = NO;
				SWIFT_APPROACHABLE_CONCURRENCY = YES;
				SWIFT_EMIT_LOC_STRINGS = NO;
				SWIFT_UPCOMING_FEATURE_MEMBER_IMPORT_VISIBILITY = YES;
				SWIFT_VERSION = 5.0;
				TARGETED_DEVICE_FAMILY = "1,2";
				TEST_HOST = "$(BUILT_PRODUCTS_DIR)/CineVerse.app/$(BUNDLE_EXECUTABLE_FOLDER_PATH)/CineVerse";
			};
			name = Debug;
		};
		840877632FF3D47C00B208A5 /* Release */ = {
			isa = XCBuildConfiguration;
			buildSettings = {
				BUNDLE_LOADER = "$(TEST_HOST)";
				CODE_SIGN_STYLE = Automatic;
				CURRENT_PROJECT_VERSION = 1;
				DEVELOPMENT_TEAM = WD392S3H29;
				GENERATE_INFOPLIST_FILE = YES;
				IPHONEOS_DEPLOYMENT_TARGET = 26.5;
				MARKETING_VERSION = 1.0;
				PRODUCT_BUNDLE_IDENTIFIER = com.abhishek.CineVerseTests;
				PRODUCT_NAME = "$(TARGET_NAME)";
				STRING_CATALOG_GENERATE_SYMBOLS = NO;
				SWIFT_APPROACHABLE_CONCURRENCY = YES;
				SWIFT_EMIT_LOC_STRINGS = NO;
				SWIFT_UPCOMING_FEATURE_MEMBER_IMPORT_VISIBILITY = YES;
				SWIFT_VERSION = 5.0;
				TARGETED_DEVICE_FAMILY = "1,2";
				TEST_HOST = "$(BUILT_PRODUCTS_DIR)/CineVerse.app/$(BUNDLE_EXECUTABLE_FOLDER_PATH)/CineVerse";
			};
			name = Release;
		};
		840877652FF3D47C00B208A5 /* Debug */ = {
			isa = XCBuildConfiguration;
			buildSettings = {
				CODE_SIGN_STYLE = Automatic;
				CURRENT_PROJECT_VERSION = 1;
				DEVELOPMENT_TEAM = WD392S3H29;
				GENERATE_INFOPLIST_FILE = YES;
				MARKETING_VERSION = 1.0;
				PRODUCT_BUNDLE_IDENTIFIER = com.abhishek.CineVerseUITests;
				PRODUCT_NAME = "$(TARGET_NAME)";
				STRING_CATALOG_GENERATE_SYMBOLS = NO;
				SWIFT_APPROACHABLE_CONCURRENCY = YES;
				SWIFT_EMIT_LOC_STRINGS = NO;
				SWIFT_UPCOMING_FEATURE_MEMBER_IMPORT_VISIBILITY = YES;
				SWIFT_VERSION = 5.0;
				TARGETED_DEVICE_FAMILY = "1,2";
				TEST_TARGET_NAME = CineVerse;
			};
			name = Debug;
		};
		840877662FF3D47C00B208A5 /* Release */ = {
			isa = XCBuildConfiguration;
			buildSettings = {
				CODE_SIGN_STYLE = Automatic;
				CURRENT_PROJECT_VERSION = 1;
				DEVELOPMENT_TEAM = WD392S3H29;
				GENERATE_INFOPLIST_FILE = YES;
				MARKETING_VERSION = 1.0;
				PRODUCT_BUNDLE_IDENTIFIER = com.abhishek.CineVerseUITests;
				PRODUCT_NAME = "$(TARGET_NAME)";
				STRING_CATALOG_GENERATE_SYMBOLS = NO;
				SWIFT_APPROACHABLE_CONCURRENCY = YES;
				SWIFT_EMIT_LOC_STRINGS = NO;
				SWIFT_UPCOMING_FEATURE_MEMBER_IMPORT_VISIBILITY = YES;
				SWIFT_VERSION = 5.0;
				TARGETED_DEVICE_FAMILY = "1,2";
				TEST_TARGET_NAME = CineVerse;
			};
			name = Release;
		};
/* End XCBuildConfiguration section */

/* Begin XCConfigurationList section */
		840877362FF3D47A00B208A5 /* Build configuration list for PBXProject "CineVerse" */ = {
			isa = XCConfigurationList;
			buildConfigurations = (
				8408775C2FF3D47C00B208A5 /* Debug */,
				8408775D2FF3D47C00B208A5 /* Release */,
			);
			defaultConfigurationIsVisible = 0;
			defaultConfigurationName = Release;
		};
		8408775E2FF3D47C00B208A5 /* Build configuration list for PBXNativeTarget "CineVerse" */ = {
			isa = XCConfigurationList;
			buildConfigurations = (
				8408775F2FF3D47C00B208A5 /* Debug */,
				840877602FF3D47C00B208A5 /* Release */,
			);
			defaultConfigurationIsVisible = 0;
			defaultConfigurationName = Release;
		};
		840877612FF3D47C00B208A5 /* Build configuration list for PBXNativeTarget "CineVerseTests" */ = {
			isa = XCConfigurationList;
			buildConfigurations = (
				840877622FF3D47C00B208A5 /* Debug */,
				840877632FF3D47C00B208A5 /* Release */,
			);
			defaultConfigurationIsVisible = 0;
			defaultConfigurationName = Release;
		};
		840877642FF3D47C00B208A5 /* Build configuration list for PBXNativeTarget "CineVerseUITests" */ = {
			isa = XCConfigurationList;
			buildConfigurations = (
				840877652FF3D47C00B208A5 /* Debug */,
				840877662FF3D47C00B208A5 /* Release */,
			);
			defaultConfigurationIsVisible = 0;
			defaultConfigurationName = Release;
		};
/* End XCConfigurationList section */
	};
	rootObject = 840877332FF3D47A00B208A5 /* Project object */;
}
